github.com/go-sql-driver/mysql v1.4.1/go.mod h1:zAC/RDZ24gD3HViQzih4MyKcchzm+sOG5ZlKdlhCg5w=
github.com/golang/protobuf v1.2.0/go.mod h1:6lQm79b+lXiMfvg/cZm0SGofjICqVBUtrP5yJMmIC1U=
github.com/ikaiguang/go-pagination v0.0.4 h1:BGcaohdVaxxtdYBYMkGzN0YA6KSLZkTiqAx/GK72s04=
github.com/ikaiguang/go-pagination v0.0.4/go.mod h1:WxWQfWoaZWemIesJCjUMhn1VK8cNqiud4rEn46pur1A=
github.com/jinzhu/gorm v1.9.2/go.mod h1:Vla75njaFJ8clLU1W44h34PjIkijhjHIYnZxMqCdxqo=
github.com/jinzhu/inflection v0.0.0-20180308033659-04140366298a/go.mod h1:h+uFLlag+Qp1Va5pdKtLDYj+kHp5pxUVkryuEj+Srlc=
