github.com/go-sql-driver/mysql v1.4.1 h1:g24URVg0OFbNUTx9qqY1IRZ9D9z3iPyi5zKhQZpNwpA=
github.com/go-sql-driver/mysql v1.4.1/go.mod h1:zAC/RDZ24gD3HViQzih4MyKcchzm+sOG5ZlKdlhCg5w=
github.com/golang/protobuf v1.2.0 h1:P3YflyNX/ehuJFLhxviNdFxQPkGK5cDcApsge1SqnvM=
github.com/golang/protobuf v1.2.0/go.mod h1:6lQm79b+lXiMfvg/cZm0SGofjICqVBUtrP5yJMmIC1U=
github.com/ikaiguang/go-pagination v0.0.0-20190126081220-ec0916d27621 h1:VHvfFz4BCeoZS1Gyd7Rp4LMYIWgcYEOhwo6428+Bfvg=
github.com/ikaiguang/go-pagination v0.0.0-20190126081220-ec0916d27621/go.mod h1:WxWQfWoaZWemIesJCjUMhn1VK8cNqiud4rEn46pur1A=
github.com/ikaiguang/go-pagination v0.0.4 h1:BGcaohdVaxxtdYBYMkGzN0YA6KSLZkTiqAx/GK72s04=
github.com/ikaiguang/go-pagination v0.0.4/go.mod h1:WxWQfWoaZWemIesJCjUMhn1VK8cNqiud4rEn46pur1A=
github.com/ikaiguang/go-pagination v1.0.0 h1:cwRacsNYl9kaUb4LE7vpcjAXxQm26Q8GE0lS8midMPM=
github.com/ikaiguang/go-pagination v1.0.0/go.mod h1:WxWQfWoaZWemIesJCjUMhn1VK8cNqiud4rEn46pur1A=
github.com/jinzhu/gorm v1.9.1 h1:lDSDtsCt5AGGSKTs8AHlSDbbgif4G4+CKJ8ETBDVHTA=
github.com/jinzhu/gorm v1.9.1/go.mod h1:Vla75njaFJ8clLU1W44h34PjIkijhjHIYnZxMqCdxqo=
github.com/jinzhu/inflection v0.0.0-20180308033659-04140366298a h1:eeaG9XMUvRBYXJi4pg1ZKM7nxc5AfXfojeLLW7O5J3k=
github.com/jinzhu/inflection v0.0.0-20180308033659-04140366298a/go.mod h1:h+uFLlag+Qp1Va5pdKtLDYj+kHp5pxUVkryuEj+Srlc=
